
Microsoft Visual Studio Solution File, Format Version 12.00
# Visual Studio Version 16
VisualStudioVersion = 16.0.28803.202
MinimumVisualStudioVersion = 10.0.40219.1
Project("{FAE04EC0-301F-11D3-BF4B-00C04F79EFBC}") = "NRHP_App.Android", "NRHP_App\NRHP_App.Android\NRHP_App.Android.csproj", "{4F0E21D6-A912-4E2F-947D-6CDC26C21136}"
EndProject
Project("{FAE04EC0-301F-11D3-BF4B-00C04F79EFBC}") = "NRHP_App.iOS", "NRHP_App\NRHP_App.iOS\NRHP_App.iOS.csproj", "{570DB0E7-3079-4490-A029-9A6C9F2F82A2}"
EndProject
Project("{9A19103F-16F7-4668-BE54-9A1E7A4F7556}") = "NRHP_App", "NRHP_App\NRHP_App\NRHP_App.csproj", "{F227C41F-0781-4D13-9BD8-C89365F88FB8}"
EndProject
Global
	GlobalSection(SolutionConfigurationPlatforms) = preSolution
		Debug|Any CPU = Debug|Any CPU
		Debug|iPhone = Debug|iPhone
		Debug|iPhoneSimulator = Debug|iPhoneSimulator
		Release|Any CPU = Release|Any CPU
		Release|iPhone = Release|iPhone
		Release|iPhoneSimulator = Release|iPhoneSimulator
	EndGlobalSection
	GlobalSection(ProjectConfigurationPlatforms) = postSolution
		{4F0E21D6-A912-4E2F-947D-6CDC26C21136}.Debug|Any CPU.ActiveCfg = Debug|Any CPU
		{4F0E21D6-A912-4E2F-947D-6CDC26C21136}.Debug|Any CPU.Build.0 = Debug|Any CPU
		{4F0E21D6-A912-4E2F-947D-6CDC26C21136}.Debug|Any CPU.Deploy.0 = Debug|Any CPU
		{4F0E21D6-A912-4E2F-947D-6CDC26C21136}.Debug|iPhone.ActiveCfg = Debug|Any CPU
		{4F0E21D6-A912-4E2F-947D-6CDC26C21136}.Debug|iPhone.Build.0 = Debug|Any CPU
		{4F0E21D6-A912-4E2F-947D-6CDC26C21136}.Debug|iPhone.Deploy.0 = Debug|Any CPU
		{4F0E21D6-A912-4E2F-947D-6CDC26C21136}.Debug|iPhoneSimulator.ActiveCfg = Debug|Any CPU
		{4F0E21D6-A912-4E2F-947D-6CDC26C21136}.Debug|iPhoneSimulator.Build.0 = Debug|Any CPU
		{4F0E21D6-A912-4E2F-947D-6CDC26C21136}.Debug|iPhoneSimulator.Deploy.0 = Debug|Any CPU
		{4F0E21D6-A912-4E2F-947D-6CDC26C21136}.Release|Any CPU.ActiveCfg = Release|Any CPU
		{4F0E21D6-A912-4E2F-947D-6CDC26C21136}.Release|Any CPU.Build.0 = Release|Any CPU
		{4F0E21D6-A912-4E2F-947D-6CDC26C21136}.Release|Any CPU.Deploy.0 = Release|Any CPU
		{4F0E21D6-A912-4E2F-947D-6CDC26C21136}.Release|iPhone.ActiveCfg = Release|Any CPU
		{4F0E21D6-A912-4E2F-947D-6CDC26C21136}.Release|iPhone.Build.0 = Release|Any CPU
		{4F0E21D6-A912-4E2F-947D-6CDC26C21136}.Release|iPhone.Deploy.0 = Release|Any CPU
		{4F0E21D6-A912-4E2F-947D-6CDC26C21136}.Release|iPhoneSimulator.ActiveCfg = Release|Any CPU
		{4F0E21D6-A912-4E2F-947D-6CDC26C21136}.Release|iPhoneSimulator.Build.0 = Release|Any CPU
		{4F0E21D6-A912-4E2F-947D-6CDC26C21136}.Release|iPhoneSimulator.Deploy.0 = Release|Any CPU
		{570DB0E7-3079-4490-A029-9A6C9F2F82A2}.Debug|Any CPU.ActiveCfg = Debug|iPhoneSimulator
		{570DB0E7-3079-4490-A029-9A6C9F2F82A2}.Debug|Any CPU.Build.0 = Debug|iPhoneSimulator
		{570DB0E7-3079-4490-A029-9A6C9F2F82A2}.Debug|Any CPU.Deploy.0 = Debug|iPhoneSimulator
		{570DB0E7-3079-4490-A029-9A6C9F2F82A2}.Debug|iPhone.ActiveCfg = Debug|iPhone
		{570DB0E7-3079-4490-A029-9A6C9F2F82A2}.Debug|iPhone.Build.0 = Debug|iPhone
		{570DB0E7-3079-4490-A029-9A6C9F2F82A2}.Debug|iPhone.Deploy.0 = Debug|iPhone
		{570DB0E7-3079-4490-A029-9A6C9F2F82A2}.Debug|iPhoneSimulator.ActiveCfg = Debug|iPhoneSimulator
		{570DB0E7-3079-4490-A029-9A6C9F2F82A2}.Debug|iPhoneSimulator.Build.0 = Debug|iPhoneSimulator
		{570DB0E7-3079-4490-A029-9A6C9F2F82A2}.Debug|iPhoneSimulator.Deploy.0 = Debug|iPhoneSimulator
		{570DB0E7-3079-4490-A029-9A6C9F2F82A2}.Release|Any CPU.ActiveCfg = Release|iPhone
		{570DB0E7-3079-4490-A029-9A6C9F2F82A2}.Release|Any CPU.Build.0 = Release|iPhone
		{570DB0E7-3079-4490-A029-9A6C9F2F82A2}.Release|Any CPU.Deploy.0 = Release|iPhone
		{570DB0E7-3079-4490-A029-9A6C9F2F82A2}.Release|iPhone.ActiveCfg = Release|iPhone
		{570DB0E7-3079-4490-A029-9A6C9F2F82A2}.Release|iPhone.Build.0 = Release|iPhone
		{570DB0E7-3079-4490-A029-9A6C9F2F82A2}.Release|iPhone.Deploy.0 = Release|iPhone
		{570DB0E7-3079-4490-A029-9A6C9F2F82A2}.Release|iPhoneSimulator.ActiveCfg = Release|iPhoneSimulator
		{570DB0E7-3079-4490-A029-9A6C9F2F82A2}.Release|iPhoneSimulator.Build.0 = Release|iPhoneSimulator
		{570DB0E7-3079-4490-A029-9A6C9F2F82A2}.Release|iPhoneSimulator.Deploy.0 = Release|iPhoneSimulator
		{F227C41F-0781-4D13-9BD8-C89365F88FB8}.Debug|Any CPU.ActiveCfg = Debug|Any CPU
		{F227C41F-0781-4D13-9BD8-C89365F88FB8}.Debug|Any CPU.Build.0 = Debug|Any CPU
		{F227C41F-0781-4D13-9BD8-C89365F88FB8}.Debug|Any CPU.Deploy.0 = Debug|Any CPU
		{F227C41F-0781-4D13-9BD8-C89365F88FB8}.Debug|iPhone.ActiveCfg = Debug|Any CPU
		{F227C41F-0781-4D13-9BD8-C89365F88FB8}.Debug|iPhone.Build.0 = Debug|Any CPU
		{F227C41F-0781-4D13-9BD8-C89365F88FB8}.Debug|iPhone.Deploy.0 = Debug|Any CPU
		{F227C41F-0781-4D13-9BD8-C89365F88FB8}.Debug|iPhoneSimulator.ActiveCfg = Debug|Any CPU
		{F227C41F-0781-4D13-9BD8-C89365F88FB8}.Debug|iPhoneSimulator.Build.0 = Debug|Any CPU
		{F227C41F-0781-4D13-9BD8-C89365F88FB8}.Debug|iPhoneSimulator.Deploy.0 = Debug|Any CPU
		{F227C41F-0781-4D13-9BD8-C89365F88FB8}.Release|Any CPU.ActiveCfg = Release|Any CPU
		{F227C41F-0781-4D13-9BD8-C89365F88FB8}.Release|Any CPU.Build.0 = Release|Any CPU
		{F227C41F-0781-4D13-9BD8-C89365F88FB8}.Release|Any CPU.Deploy.0 = Release|Any CPU
		{F227C41F-0781-4D13-9BD8-C89365F88FB8}.Release|iPhone.ActiveCfg = Release|Any CPU
		{F227C41F-0781-4D13-9BD8-C89365F88FB8}.Release|iPhone.Build.0 = Release|Any CPU
		{F227C41F-0781-4D13-9BD8-C89365F88FB8}.Release|iPhone.Deploy.0 = Release|Any CPU
		{F227C41F-0781-4D13-9BD8-C89365F88FB8}.Release|iPhoneSimulator.ActiveCfg = Release|Any CPU
		{F227C41F-0781-4D13-9BD8-C89365F88FB8}.Release|iPhoneSimulator.Build.0 = Release|Any CPU
		{F227C41F-0781-4D13-9BD8-C89365F88FB8}.Release|iPhoneSimulator.Deploy.0 = Release|Any CPU
	EndGlobalSection
	GlobalSection(SolutionProperties) = preSolution
		HideSolutionNode = FALSE
	EndGlobalSection
	GlobalSection(ExtensibilityGlobals) = postSolution
		SolutionGuid = {FF7DF29A-1F5B-491D-AB63-79AE01E77DA4}
	EndGlobalSection
EndGlobal
